
Microsoft Visual Studio Solution File, Format Version 12.00
# Visual Studio Version 17
VisualStudioVersion = 17.4.33110.190
MinimumVisualStudioVersion = 10.0.40219.1
Project("{151D2E53-A2C4-4D7D-83FE-D05416EBD58E}") = "ARM_VS_Template_DevOps", "ARM_VS_Template\ARM_VS_Template_DevOps.deployproj", "{416757F2-4411-447C-85B5-691C9FDA43C6}"
EndProject
Global
	GlobalSection(SolutionConfigurationPlatforms) = preSolution
		Debug|Any CPU = Debug|Any CPU
		Release|Any CPU = Release|Any CPU
	EndGlobalSection
	GlobalSection(ProjectConfigurationPlatforms) = postSolution
		{416757F2-4411-447C-85B5-691C9FDA43C6}.Debug|Any CPU.ActiveCfg = Debug|Any CPU
		{416757F2-4411-447C-85B5-691C9FDA43C6}.Debug|Any CPU.Build.0 = Debug|Any CPU
		{416757F2-4411-447C-85B5-691C9FDA43C6}.Release|Any CPU.ActiveCfg = Release|Any CPU
		{416757F2-4411-447C-85B5-691C9FDA43C6}.Release|Any CPU.Build.0 = Release|Any CPU
	EndGlobalSection
	GlobalSection(SolutionProperties) = preSolution
		HideSolutionNode = FALSE
	EndGlobalSection
	GlobalSection(ExtensibilityGlobals) = postSolution
		SolutionGuid = {B8FA9211-E397-45E7-A5A9-25F65C17EB7B}
	EndGlobalSection
EndGlobal
